// !$*UTF8*$!
{
	archiveVersion = 1;
	classes = {
	};
	objectVersion = 46;
	objects = {

/* Begin PBXBuildFile section */
		472115E21E5347BB0063B853 /* AppDelegate.swift in Sources */ = {isa = PBXBuildFile; fileRef = 472115E11E5347BB0063B853 /* AppDelegate.swift */; };
		472115E41E5347BB0063B853 /* ViewController.swift in Sources */ = {isa = PBXBuildFile; fileRef = 472115E31E5347BB0063B853 /* ViewController.swift */; };
		472115E71E5347BB0063B853 /* Main.storyboard in Resources */ = {isa = PBXBuildFile; fileRef = 472115E51E5347BB0063B853 /* Main.storyboard */; };
		472115E91E5347BB0063B853 /* Assets.xcassets in Resources */ = {isa = PBXBuildFile; fileRef = 472115E81E5347BB0063B853 /* Assets.xcassets */; };
		472115EC1E5347BB0063B853 /* LaunchScreen.storyboard in Resources */ = {isa = PBXBuildFile; fileRef = 472115EA1E5347BB0063B853 /* LaunchScreen.storyboard */; };
		472115F41E534D040063B853 /* OtherViewController.swift in Sources */ = {isa = PBXBuildFile; fileRef = 472115F31E534D040063B853 /* OtherViewController.swift */; };
		472176091E5C38150047096D /* DemoTableViewController.swift in Sources */ = {isa = PBXBuildFile; fileRef = 472176081E5C38150047096D /* DemoTableViewController.swift */; };
		4721760B1E5C40BB0047096D /* MyTableViewCell.swift in Sources */ = {isa = PBXBuildFile; fileRef = 4721760A1E5C40BB0047096D /* MyTableViewCell.swift */; };
		4721760F1E61E5CD0047096D /* MenuViewController.swift in Sources */ = {isa = PBXBuildFile; fileRef = 4721760E1E61E5CD0047096D /* MenuViewController.swift */; };
		472176111E61F2AF0047096D /* QueryTableViewController.swift in Sources */ = {isa = PBXBuildFile; fileRef = 472176101E61F2AF0047096D /* QueryTableViewController.swift */; };
		472176131E61FD9A0047096D /* NutritionViewController.swift in Sources */ = {isa = PBXBuildFile; fileRef = 472176121E61FD9A0047096D /* NutritionViewController.swift */; };
		472176171E6203110047096D /* FavouritesTableViewController.swift in Sources */ = {isa = PBXBuildFile; fileRef = 472176161E6203110047096D /* FavouritesTableViewController.swift */; };
		473C851E1E68520700107403 /* DiagramViewController.swift in Sources */ = {isa = PBXBuildFile; fileRef = 473C851D1E68520700107403 /* DiagramViewController.swift */; };
		473C85401E685F6D00107403 /* Nutrients.swift in Sources */ = {isa = PBXBuildFile; fileRef = 473C853F1E685F6D00107403 /* Nutrients.swift */; };
		473C85421E6868B300107403 /* FetchValues.swift in Sources */ = {isa = PBXBuildFile; fileRef = 473C85411E6868B300107403 /* FetchValues.swift */; };
		473C85441E6B121500107403 /* Favourites.swift in Sources */ = {isa = PBXBuildFile; fileRef = 473C85431E6B121500107403 /* Favourites.swift */; };
		81DC0963F499770F41319EEC /* Pods_SwiftLabb1.framework in Frameworks */ = {isa = PBXBuildFile; fileRef = DF9E652CB02AC1F8F0E92811 /* Pods_SwiftLabb1.framework */; };
/* End PBXBuildFile section */

/* Begin PBXFileReference section */
		1861723C5FA65767D79F1FA9 /* Pods-SwiftLabb1.debug.xcconfig */ = {isa = PBXFileReference; includeInIndex = 1; lastKnownFileType = text.xcconfig; name = "Pods-SwiftLabb1.debug.xcconfig"; path = "Pods/Target Support Files/Pods-SwiftLabb1/Pods-SwiftLabb1.debug.xcconfig"; sourceTree = "<group>"; };
		472115DE1E5347BB0063B853 /* SwiftLabb1.app */ = {isa = PBXFileReference; explicitFileType = wrapper.application; includeInIndex = 0; path = SwiftLabb1.app; sourceTree = BUILT_PRODUCTS_DIR; };
		472115E11E5347BB0063B853 /* AppDelegate.swift */ = {isa = PBXFileReference; lastKnownFileType = sourcecode.swift; path = AppDelegate.swift; sourceTree = "<group>"; };
		472115E31E5347BB0063B853 /* ViewController.swift */ = {isa = PBXFileReference; lastKnownFileType = sourcecode.swift; path = ViewController.swift; sourceTree = "<group>"; };
		472115E61E5347BB0063B853 /* Base */ = {isa = PBXFileReference; lastKnownFileType = file.storyboard; name = Base; path = Base.lproj/Main.storyboard; sourceTree = "<group>"; };
		472115E81E5347BB0063B853 /* Assets.xcassets */ = {isa = PBXFileReference; lastKnownFileType = folder.assetcatalog; path = Assets.xcassets; sourceTree = "<group>"; };
		472115EB1E5347BB0063B853 /* Base */ = {isa = PBXFileReference; lastKnownFileType = file.storyboard; name = Base; path = Base.lproj/LaunchScreen.storyboard; sourceTree = "<group>"; };
		472115ED1E5347BB0063B853 /* Info.plist */ = {isa = PBXFileReference; lastKnownFileType = text.plist.xml; path = Info.plist; sourceTree = "<group>"; };
		472115F31E534D040063B853 /* OtherViewController.swift */ = {isa = PBXFileReference; fileEncoding = 4; lastKnownFileType = sourcecode.swift; path = OtherViewController.swift; sourceTree = "<group>"; };
		472176081E5C38150047096D /* DemoTableViewController.swift */ = {isa = PBXFileReference; fileEncoding = 4; lastKnownFileType = sourcecode.swift; path = DemoTableViewController.swift; sourceTree = "<group>"; };
		4721760A1E5C40BB0047096D /* MyTableViewCell.swift */ = {isa = PBXFileReference; fileEncoding = 4; lastKnownFileType = sourcecode.swift; path = MyTableViewCell.swift; sourceTree = "<group>"; };
		4721760E1E61E5CD0047096D /* MenuViewController.swift */ = {isa = PBXFileReference; fileEncoding = 4; lastKnownFileType = sourcecode.swift; path = MenuViewController.swift; sourceTree = "<group>"; };
		472176101E61F2AF0047096D /* QueryTableViewController.swift */ = {isa = PBXFileReference; fileEncoding = 4; lastKnownFileType = sourcecode.swift; path = QueryTableViewController.swift; sourceTree = "<group>"; };
		472176121E61FD9A0047096D /* NutritionViewController.swift */ = {isa = PBXFileReference; fileEncoding = 4; lastKnownFileType = sourcecode.swift; path = NutritionViewController.swift; sourceTree = "<group>"; };
		472176161E6203110047096D /* FavouritesTableViewController.swift */ = {isa = PBXFileReference; fileEncoding = 4; lastKnownFileType = sourcecode.swift; name = FavouritesTableViewController.swift; path = ../FavouritesTableViewController.swift; sourceTree = "<group>"; };
		473C851D1E68520700107403 /* DiagramViewController.swift */ = {isa = PBXFileReference; fileEncoding = 4; lastKnownFileType = sourcecode.swift; path = DiagramViewController.swift; sourceTree = "<group>"; };
		473C853F1E685F6D00107403 /* Nutrients.swift */ = {isa = PBXFileReference; fileEncoding = 4; lastKnownFileType = sourcecode.swift; path = Nutrients.swift; sourceTree = "<group>"; };
		473C85411E6868B300107403 /* FetchValues.swift */ = {isa = PBXFileReference; fileEncoding = 4; lastKnownFileType = sourcecode.swift; path = FetchValues.swift; sourceTree = "<group>"; };
		473C85431E6B121500107403 /* Favourites.swift */ = {isa = PBXFileReference; fileEncoding = 4; lastKnownFileType = sourcecode.swift; path = Favourites.swift; sourceTree = "<group>"; };
		C3529E6B09DE4A476CCAB5CF /* Pods-SwiftLabb1.release.xcconfig */ = {isa = PBXFileReference; includeInIndex = 1; lastKnownFileType = text.xcconfig; name = "Pods-SwiftLabb1.release.xcconfig"; path = "Pods/Target Support Files/Pods-SwiftLabb1/Pods-SwiftLabb1.release.xcconfig"; sourceTree = "<group>"; };
		DF9E652CB02AC1F8F0E92811 /* Pods_SwiftLabb1.framework */ = {isa = PBXFileReference; explicitFileType = wrapper.framework; includeInIndex = 0; path = Pods_SwiftLabb1.framework; sourceTree = BUILT_PRODUCTS_DIR; };
/* End PBXFileReference section */

/* Begin PBXFrameworksBuildPhase section */
		472115DB1E5347BB0063B853 /* Frameworks */ = {
			isa = PBXFrameworksBuildPhase;
			buildActionMask = 2147483647;
			files = (
				81DC0963F499770F41319EEC /* Pods_SwiftLabb1.framework in Frameworks */,
			);
			runOnlyForDeploymentPostprocessing = 0;
		};
/* End PBXFrameworksBuildPhase section */

/* Begin PBXGroup section */
		4687706BD0D9DAB72C34F241 /* Pods */ = {
			isa = PBXGroup;
			children = (
				1861723C5FA65767D79F1FA9 /* Pods-SwiftLabb1.debug.xcconfig */,
				C3529E6B09DE4A476CCAB5CF /* Pods-SwiftLabb1.release.xcconfig */,
			);
			name = Pods;
			sourceTree = "<group>";
		};
		472115D51E5347BB0063B853 = {
			isa = PBXGroup;
			children = (
				472115E01E5347BB0063B853 /* SwiftLabb1 */,
				472115DF1E5347BB0063B853 /* Products */,
				4687706BD0D9DAB72C34F241 /* Pods */,
				6945713AC334870BFA62AB13 /* Frameworks */,
			);
			sourceTree = "<group>";
		};
		472115DF1E5347BB0063B853 /* Products */ = {
			isa = PBXGroup;
			children = (
				472115DE1E5347BB0063B853 /* SwiftLabb1.app */,
			);
			name = Products;
			sourceTree = "<group>";
		};
		472115E01E5347BB0063B853 /* SwiftLabb1 */ = {
			isa = PBXGroup;
			children = (
				472115E11E5347BB0063B853 /* AppDelegate.swift */,
				472176081E5C38150047096D /* DemoTableViewController.swift */,
				473C851D1E68520700107403 /* DiagramViewController.swift */,
				473C85411E6868B300107403 /* FetchValues.swift */,
				473C85431E6B121500107403 /* Favourites.swift */,
				472176161E6203110047096D /* FavouritesTableViewController.swift */,
				472115E51E5347BB0063B853 /* Main.storyboard */,
				4721760E1E61E5CD0047096D /* MenuViewController.swift */,
				4721760A1E5C40BB0047096D /* MyTableViewCell.swift */,
				472176121E61FD9A0047096D /* NutritionViewController.swift */,
				473C853F1E685F6D00107403 /* Nutrients.swift */,
				472115F31E534D040063B853 /* OtherViewController.swift */,
				472176101E61F2AF0047096D /* QueryTableViewController.swift */,
				472115E31E5347BB0063B853 /* ViewController.swift */,
				472115E81E5347BB0063B853 /* Assets.xcassets */,
				472115EA1E5347BB0063B853 /* LaunchScreen.storyboard */,
				472115ED1E5347BB0063B853 /* Info.plist */,
			);
			path = SwiftLabb1;
			sourceTree = "<group>";
		};
		6945713AC334870BFA62AB13 /* Frameworks */ = {
			isa = PBXGroup;
			children = (
				DF9E652CB02AC1F8F0E92811 /* Pods_SwiftLabb1.framework */,
			);
			name = Frameworks;
			sourceTree = "<group>";
		};
/* End PBXGroup section */

/* Begin PBXNativeTarget section */
		472115DD1E5347BB0063B853 /* SwiftLabb1 */ = {
			isa = PBXNativeTarget;
			buildConfigurationList = 472115F01E5347BB0063B853 /* Build configuration list for PBXNativeTarget "SwiftLabb1" */;
			buildPhases = (
				A5B15B07EA7B35A9EA52588A /* [CP] Check Pods Manifest.lock */,
				472115DA1E5347BB0063B853 /* Sources */,
				472115DB1E5347BB0063B853 /* Frameworks */,
				472115DC1E5347BB0063B853 /* Resources */,
				74F868186CFE7B5C668DF6FD /* [CP] Embed Pods Frameworks */,
				57C432FCAED60B091CC16E69 /* [CP] Copy Pods Resources */,
			);
			buildRules = (
			);
			dependencies = (
			);
			name = SwiftLabb1;
			productName = SwiftLabb1;
			productReference = 472115DE1E5347BB0063B853 /* SwiftLabb1.app */;
			productType = "com.apple.product-type.application";
		};
/* End PBXNativeTarget section */

/* Begin PBXProject section */
		472115D61E5347BB0063B853 /* Project object */ = {
			isa = PBXProject;
			attributes = {
				LastSwiftUpdateCheck = 0820;
				LastUpgradeCheck = 0820;
				ORGANIZATIONNAME = "Åsa Kwarnmark";
				TargetAttributes = {
					472115DD1E5347BB0063B853 = {
						CreatedOnToolsVersion = 8.2.1;
						ProvisioningStyle = Automatic;
					};
				};
			};
			buildConfigurationList = 472115D91E5347BB0063B853 /* Build configuration list for PBXProject "SwiftLabb1" */;
			compatibilityVersion = "Xcode 3.2";
			developmentRegion = English;
			hasScannedForEncodings = 0;
			knownRegions = (
				en,
				Base,
			);
			mainGroup = 472115D51E5347BB0063B853;
			productRefGroup = 472115DF1E5347BB0063B853 /* Products */;
			projectDirPath = "";
			projectRoot = "";
			targets = (
				472115DD1E5347BB0063B853 /* SwiftLabb1 */,
			);
		};
/* End PBXProject section */

/* Begin PBXResourcesBuildPhase section */
		472115DC1E5347BB0063B853 /* Resources */ = {
			isa = PBXResourcesBuildPhase;
			buildActionMask = 2147483647;
			files = (
				472115EC1E5347BB0063B853 /* LaunchScreen.storyboard in Resources */,
				472115E91E5347BB0063B853 /* Assets.xcassets in Resources */,
				472115E71E5347BB0063B853 /* Main.storyboard in Resources */,
			);
			runOnlyForDeploymentPostprocessing = 0;
		};
/* End PBXResourcesBuildPhase section */

/* Begin PBXShellScriptBuildPhase section */
		57C432FCAED60B091CC16E69 /* [CP] Copy Pods Resources */ = {
			isa = PBXShellScriptBuildPhase;
			buildActionMask = 2147483647;
			files = (
			);
			inputPaths = (
			);
			name = "[CP] Copy Pods Resources";
			outputPaths = (
			);
			runOnlyForDeploymentPostprocessing = 0;
			shellPath = /bin/sh;
			shellScript = "\"${SRCROOT}/Pods/Target Support Files/Pods-SwiftLabb1/Pods-SwiftLabb1-resources.sh\"\n";
			showEnvVarsInLog = 0;
		};
		74F868186CFE7B5C668DF6FD /* [CP] Embed Pods Frameworks */ = {
			isa = PBXShellScriptBuildPhase;
			buildActionMask = 2147483647;
			files = (
			);
			inputPaths = (
			);
			name = "[CP] Embed Pods Frameworks";
			outputPaths = (
			);
			runOnlyForDeploymentPostprocessing = 0;
			shellPath = /bin/sh;
			shellScript = "\"${SRCROOT}/Pods/Target Support Files/Pods-SwiftLabb1/Pods-SwiftLabb1-frameworks.sh\"\n";
			showEnvVarsInLog = 0;
		};
		A5B15B07EA7B35A9EA52588A /* [CP] Check Pods Manifest.lock */ = {
			isa = PBXShellScriptBuildPhase;
			buildActionMask = 2147483647;
			files = (
			);
			inputPaths = (
			);
			name = "[CP] Check Pods Manifest.lock";
			outputPaths = (
			);
			runOnlyForDeploymentPostprocessing = 0;
			shellPath = /bin/sh;
			shellScript = "diff \"${PODS_ROOT}/../Podfile.lock\" \"${PODS_ROOT}/Manifest.lock\" > /dev/null\nif [ $? != 0 ] ; then\n    # print error to STDERR\n    echo \"error: The sandbox is not in sync with the Podfile.lock. Run 'pod install' or update your CocoaPods installation.\" >&2\n    exit 1\nfi\n";
			showEnvVarsInLog = 0;
		};
/* End PBXShellScriptBuildPhase section */

/* Begin PBXSourcesBuildPhase section */
		472115DA1E5347BB0063B853 /* Sources */ = {
			isa = PBXSourcesBuildPhase;
			buildActionMask = 2147483647;
			files = (
				472176091E5C38150047096D /* DemoTableViewController.swift in Sources */,
				472176171E6203110047096D /* FavouritesTableViewController.swift in Sources */,
				472115E41E5347BB0063B853 /* ViewController.swift in Sources */,
				472115F41E534D040063B853 /* OtherViewController.swift in Sources */,
				473C85401E685F6D00107403 /* Nutrients.swift in Sources */,
				473C85441E6B121500107403 /* Favourites.swift in Sources */,
				472176131E61FD9A0047096D /* NutritionViewController.swift in Sources */,
				4721760F1E61E5CD0047096D /* MenuViewController.swift in Sources */,
				4721760B1E5C40BB0047096D /* MyTableViewCell.swift in Sources */,
				472176111E61F2AF0047096D /* QueryTableViewController.swift in Sources */,
				472115E21E5347BB0063B853 /* AppDelegate.swift in Sources */,
				473C85421E6868B300107403 /* FetchValues.swift in Sources */,
				473C851E1E68520700107403 /* DiagramViewController.swift in Sources */,
			);
			runOnlyForDeploymentPostprocessing = 0;
		};
/* End PBXSourcesBuildPhase section */

/* Begin PBXVariantGroup section */
		472115E51E5347BB0063B853 /* Main.storyboard */ = {
			isa = PBXVariantGroup;
			children = (
				472115E61E5347BB0063B853 /* Base */,
			);
			name = Main.storyboard;
			sourceTree = "<group>";
		};
		472115EA1E5347BB0063B853 /* LaunchScreen.storyboard */ = {
			isa = PBXVariantGroup;
			children = (
				472115EB1E5347BB0063B853 /* Base */,
			);
			name = LaunchScreen.storyboard;
			sourceTree = "<group>";
		};
/* End PBXVariantGroup section */

/* Begin XCBuildConfiguration section */
		472115EE1E5347BB0063B853 /* Debug */ = {
			isa = XCBuildConfiguration;
			buildSettings = {
				ALWAYS_SEARCH_USER_PATHS = NO;
				CLANG_ANALYZER_NONNULL = YES;
				CLANG_CXX_LANGUAGE_STANDARD = "gnu++0x";
				CLANG_CXX_LIBRARY = "libc++";
				CLANG_ENABLE_MODULES = YES;
				CLANG_ENABLE_OBJC_ARC = YES;
				CLANG_WARN_BOOL_CONVERSION = YES;
				CLANG_WARN_CONSTANT_CONVERSION = YES;
				CLANG_WARN_DIRECT_OBJC_ISA_USAGE = YES_ERROR;
				CLANG_WARN_DOCUMENTATION_COMMENTS = YES;
				CLANG_WARN_EMPTY_BODY = YES;
				CLANG_WARN_ENUM_CONVERSION = YES;
				CLANG_WARN_INFINITE_RECURSION = YES;
				CLANG_WARN_INT_CONVERSION = YES;
				CLANG_WARN_OBJC_ROOT_CLASS = YES_ERROR;
				CLANG_WARN_SUSPICIOUS_MOVE = YES;
				CLANG_WARN_UNREACHABLE_CODE = YES;
				CLANG_WARN__DUPLICATE_METHOD_MATCH = YES;
				"CODE_SIGN_IDENTITY[sdk=iphoneos*]" = "iPhone Developer";
				COPY_PHASE_STRIP = NO;
				DEBUG_INFORMATION_FORMAT = dwarf;
				ENABLE_STRICT_OBJC_MSGSEND = YES;
				ENABLE_TESTABILITY = YES;
				GCC_C_LANGUAGE_STANDARD = gnu99;
				GCC_DYNAMIC_NO_PIC = NO;
				GCC_NO_COMMON_BLOCKS = YES;
				GCC_OPTIMIZATION_LEVEL = 0;
				GCC_PREPROCESSOR_DEFINITIONS = (
					"DEBUG=1",
					"$(inherited)",
				);
				GCC_WARN_64_TO_32_BIT_CONVERSION = YES;
				GCC_WARN_ABOUT_RETURN_TYPE = YES_ERROR;
				GCC_WARN_UNDECLARED_SELECTOR = YES;
				GCC_WARN_UNINITIALIZED_AUTOS = YES_AGGRESSIVE;
				GCC_WARN_UNUSED_FUNCTION = YES;
				GCC_WARN_UNUSED_VARIABLE = YES;
				IPHONEOS_DEPLOYMENT_TARGET = 10.2;
				MTL_ENABLE_DEBUG_INFO = YES;
				ONLY_ACTIVE_ARCH = YES;
				SDKROOT = iphoneos;
				SWIFT_ACTIVE_COMPILATION_CONDITIONS = DEBUG;
				SWIFT_OPTIMIZATION_LEVEL = "-Onone";
			};
			name = Debug;
		};
		472115EF1E5347BB0063B853 /* Release */ = {
			isa = XCBuildConfiguration;
			buildSettings = {
				ALWAYS_SEARCH_USER_PATHS = NO;
				CLANG_ANALYZER_NONNULL = YES;
				CLANG_CXX_LANGUAGE_STANDARD = "gnu++0x";
				CLANG_CXX_LIBRARY = "libc++";
				CLANG_ENABLE_MODULES = YES;
				CLANG_ENABLE_OBJC_ARC = YES;
				CLANG_WARN_BOOL_CONVERSION = YES;
				CLANG_WARN_CONSTANT_CONVERSION = YES;
				CLANG_WARN_DIRECT_OBJC_ISA_USAGE = YES_ERROR;
				CLANG_WARN_DOCUMENTATION_COMMENTS = YES;
				CLANG_WARN_EMPTY_BODY = YES;
				CLANG_WARN_ENUM_CONVERSION = YES;
				CLANG_WARN_INFINITE_RECURSION = YES;
				CLANG_WARN_INT_CONVERSION = YES;
				CLANG_WARN_OBJC_ROOT_CLASS = YES_ERROR;
				CLANG_WARN_SUSPICIOUS_MOVE = YES;
				CLANG_WARN_UNREACHABLE_CODE = YES;
				CLANG_WARN__DUPLICATE_METHOD_MATCH = YES;
				"CODE_SIGN_IDENTITY[sdk=iphoneos*]" = "iPhone Developer";
				COPY_PHASE_STRIP = NO;
				DEBUG_INFORMATION_FORMAT = "dwarf-with-dsym";
				ENABLE_NS_ASSERTIONS = NO;
				ENABLE_STRICT_OBJC_MSGSEND = YES;
				GCC_C_LANGUAGE_STANDARD = gnu99;
				GCC_NO_COMMON_BLOCKS = YES;
				GCC_WARN_64_TO_32_BIT_CONVERSION = YES;
				GCC_WARN_ABOUT_RETURN_TYPE = YES_ERROR;
				GCC_WARN_UNDECLARED_SELECTOR = YES;
				GCC_WARN_UNINITIALIZED_AUTOS = YES_AGGRESSIVE;
				GCC_WARN_UNUSED_FUNCTION = YES;
				GCC_WARN_UNUSED_VARIABLE = YES;
				IPHONEOS_DEPLOYMENT_TARGET = 10.2;
				MTL_ENABLE_DEBUG_INFO = NO;
				SDKROOT = iphoneos;
				SWIFT_OPTIMIZATION_LEVEL = "-Owholemodule";
				VALIDATE_PRODUCT = YES;
			};
			name = Release;
		};
		472115F11E5347BB0063B853 /* Debug */ = {
			isa = XCBuildConfiguration;
			baseConfigurationReference = 1861723C5FA65767D79F1FA9 /* Pods-SwiftLabb1.debug.xcconfig */;
			buildSettings = {
				ASSETCATALOG_COMPILER_APPICON_NAME = AppIcon;
				INFOPLIST_FILE = SwiftLabb1/Info.plist;
				LD_RUNPATH_SEARCH_PATHS = "$(inherited) @executable_path/Frameworks";
				PRODUCT_BUNDLE_IDENTIFIER = de.polkagris.SwiftLabb1;
				PRODUCT_NAME = "$(TARGET_NAME)";
				SWIFT_VERSION = 3.0;
			};
			name = Debug;
		};
		472115F21E5347BB0063B853 /* Release */ = {
			isa = XCBuildConfiguration;
			baseConfigurationReference = C3529E6B09DE4A476CCAB5CF /* Pods-SwiftLabb1.release.xcconfig */;
			buildSettings = {
				ASSETCATALOG_COMPILER_APPICON_NAME = AppIcon;
				INFOPLIST_FILE = SwiftLabb1/Info.plist;
				LD_RUNPATH_SEARCH_PATHS = "$(inherited) @executable_path/Frameworks";
				PRODUCT_BUNDLE_IDENTIFIER = de.polkagris.SwiftLabb1;
				PRODUCT_NAME = "$(TARGET_NAME)";
				SWIFT_VERSION = 3.0;
			};
			name = Release;
		};
/* End XCBuildConfiguration section */

/* Begin XCConfigurationList section */
		472115D91E5347BB0063B853 /* Build configuration list for PBXProject "SwiftLabb1" */ = {
			isa = XCConfigurationList;
			buildConfigurations = (
				472115EE1E5347BB0063B853 /* Debug */,
				472115EF1E5347BB0063B853 /* Release */,
			);
			defaultConfigurationIsVisible = 0;
			defaultConfigurationName = Release;
		};
		472115F01E5347BB0063B853 /* Build configuration list for PBXNativeTarget "SwiftLabb1" */ = {
			isa = XCConfigurationList;
			buildConfigurations = (
				472115F11E5347BB0063B853 /* Debug */,
				472115F21E5347BB0063B853 /* Release */,
			);
			defaultConfigurationIsVisible = 0;
			defaultConfigurationName = Release;
		};
/* End XCConfigurationList section */
	};
	rootObject = 472115D61E5347BB0063B853 /* Project object */;
}
